github.com/cmj0121/argparse v0.6.1 h1:q/Rr7M5C880da+7xAo/kjEgJpjxggbd2y9Y8Akx9Ais=
github.com/cmj0121/argparse v0.6.1/go.mod h1:MJZURHuGfUudCyY37n/hPSs2gD+pHd07foZ3/Xallok=
github.com/cmj0121/logger v1.2.1 h1:uBugba2f7GocZ0nXSZJPp2iNIYWdVdsj2f2Pq4uGyR4=
github.com/cmj0121/logger v1.2.1/go.mod h1:N9vkhQgq34KIbnPLc9NMcCoA7AL95CBEVG0Mi5hpFsA=
